// !$*UTF8*$!
{
	archiveVersion = 1;
	classes = {
	};
	objectVersion = 77;
	objects = {

/* Begin PBXContainerItemProxy section */
		CBB710A52E2FD0ED004A6050 /* PBXContainerItemProxy */ = {
			isa = PBXContainerItemProxy;
			containerPortal = CBB7108A2E2FD0EA004A6050 /* Project object */;
			proxyType = 1;
			remoteGlobalIDString = CBB710912E2FD0EA004A6050;
			remoteInfo = Address;
		};
		CBB710AF2E2FD0ED004A6050 /* PBXContainerItemProxy */ = {
			isa = PBXContainerItemProxy;
			containerPortal = CBB7108A2E2FD0EA004A6050 /* Project object */;
			proxyType = 1;
			remoteGlobalIDString = CBB710912E2FD0EA004A6050;
			remoteInfo = Address;
		};
/* End PBXContainerItemProxy section */

/* Begin PBXFileReference section */
		CBB710922E2FD0EA004A6050 /* Address.app */ = {isa = PBXFileReference; explicitFileType = wrapper.application; includeInIndex = 0; path = Address.app; sourceTree = BUILT_PRODUCTS_DIR; };
		CBB710A42E2FD0ED004A6050 /* AddressTests.xctest */ = {isa = PBXFileReference; explicitFileType = wrapper.cfbundle; includeInIndex = 0; path = AddressTests.xctest; sourceTree = BUILT_PRODUCTS_DIR; };
		CBB710AE2E2FD0ED004A6050 /* AddressUITests.xctest */ = {isa = PBXFileReference; explicitFileType = wrapper.cfbundle; includeInIndex = 0; path = AddressUITests.xctest; sourceTree = BUILT_PRODUCTS_DIR; };
/* End PBXFileReference section */

/* Begin PBXFileSystemSynchronizedBuildFileExceptionSet section */
		CBB711052E2FFDE8004A6050 /* Exceptions for "Address" folder in "Address" target */ = {
			isa = PBXFileSystemSynchronizedBuildFileExceptionSet;
			membershipExceptions = (
				CustomLocation3.gpx,
				Info.plist,
				location4.gpx,
			);
			target = CBB710912E2FD0EA004A6050 /* Address */;
		};
/* End PBXFileSystemSynchronizedBuildFileExceptionSet section */

/* Begin PBXFileSystemSynchronizedRootGroup section */
		CBB710942E2FD0EA004A6050 /* Address */ = {
			isa = PBXFileSystemSynchronizedRootGroup;
			exceptions = (
				CBB711052E2FFDE8004A6050 /* Exceptions for "Address" folder in "Address" target */,
			);
			path = Address;
			sourceTree = "<group>";
		};
		CBB710A72E2FD0ED004A6050 /* AddressTests */ = {
			isa = PBXFileSystemSynchronizedRootGroup;
			path = AddressTests;
			sourceTree = "<group>";
		};
		CBB710B12E2FD0ED004A6050 /* AddressUITests */ = {
			isa = PBXFileSystemSynchronizedRootGroup;
			path = AddressUITests;
			sourceTree = "<group>";
		};
		CBC0B1AD2EDF913600DBAE8E /* AddressTestSupport */ = {
			isa = PBXFileSystemSynchronizedRootGroup;
			path = AddressTestSupport;
			sourceTree = "<group>";
		};
/* End PBXFileSystemSynchronizedRootGroup section */

/* Begin PBXFrameworksBuildPhase section */
		CBB7108F2E2FD0EA004A6050 /* Frameworks */ = {
			isa = PBXFrameworksBuildPhase;
			buildActionMask = 2147483647;
			files = (
			);
			runOnlyForDeploymentPostprocessing = 0;
		};
		CBB710A12E2FD0ED004A6050 /* Frameworks */ = {
			isa = PBXFrameworksBuildPhase;
			buildActionMask = 2147483647;
			files = (
			);
			runOnlyForDeploymentPostprocessing = 0;
		};
		CBB710AB2E2FD0ED004A6050 /* Frameworks */ = {
			isa = PBXFrameworksBuildPhase;
			buildActionMask = 2147483647;
			files = (
			);
			runOnlyForDeploymentPostprocessing = 0;
		};
/* End PBXFrameworksBuildPhase section */

/* Begin PBXGroup section */
		CBB710892E2FD0EA004A6050 = {
			isa = PBXGroup;
			children = (
				CBB710942E2FD0EA004A6050 /* Address */,
				CBB710A72E2FD0ED004A6050 /* AddressTests */,
				CBB710B12E2FD0ED004A6050 /* AddressUITests */,
				CBC0B1AD2EDF913600DBAE8E /* AddressTestSupport */,
				CBB710932E2FD0EA004A6050 /* Products */,
			);
			sourceTree = "<group>";
		};
		CBB710932E2FD0EA004A6050 /* Products */ = {
			isa = PBXGroup;
			children = (
				CBB710922E2FD0EA004A6050 /* Address.app */,
				CBB710A42E2FD0ED004A6050 /* AddressTests.xctest */,
				CBB710AE2E2FD0ED004A6050 /* AddressUITests.xctest */,
			);
			name = Products;
			sourceTree = "<group>";
		};
/* End PBXGroup section */

/* Begin PBXNativeTarget section */
		CBB710912E2FD0EA004A6050 /* Address */ = {
			isa = PBXNativeTarget;
			buildConfigurationList = CBB710B82E2FD0ED004A6050 /* Build configuration list for PBXNativeTarget "Address" */;
			buildPhases = (
				CBB7108E2E2FD0EA004A6050 /* Sources */,
				CBB7108F2E2FD0EA004A6050 /* Frameworks */,
				CBB710902E2FD0EA004A6050 /* Resources */,
			);
			buildRules = (
			);
			dependencies = (
			);
			fileSystemSynchronizedGroups = (
				CBB710942E2FD0EA004A6050 /* Address */,
			);
			name = Address;
			packageProductDependencies = (
			);
			productName = Address;
			productReference = CBB710922E2FD0EA004A6050 /* Address.app */;
			productType = "com.apple.product-type.application";
		};
		CBB710A32E2FD0ED004A6050 /* AddressTests */ = {
			isa = PBXNativeTarget;
			buildConfigurationList = CBB710BB2E2FD0ED004A6050 /* Build configuration list for PBXNativeTarget "AddressTests" */;
			buildPhases = (
				CBB710A02E2FD0ED004A6050 /* Sources */,
				CBB710A12E2FD0ED004A6050 /* Frameworks */,
				CBB710A22E2FD0ED004A6050 /* Resources */,
			);
			buildRules = (
			);
			dependencies = (
				CBB710A62E2FD0ED004A6050 /* PBXTargetDependency */,
			);
			fileSystemSynchronizedGroups = (
				CBB710A72E2FD0ED004A6050 /* AddressTests */,
				CBC0B1AD2EDF913600DBAE8E /* AddressTestSupport */,
			);
			name = AddressTests;
			packageProductDependencies = (
			);
			productName = AddressTests;
			productReference = CBB710A42E2FD0ED004A6050 /* AddressTests.xctest */;
			productType = "com.apple.product-type.bundle.unit-test";
		};
		CBB710AD2E2FD0ED004A6050 /* AddressUITests */ = {
			isa = PBXNativeTarget;
			buildConfigurationList = CBB710BE2E2FD0ED004A6050 /* Build configuration list for PBXNativeTarget "AddressUITests" */;
			buildPhases = (
				CBB710AA2E2FD0ED004A6050 /* Sources */,
				CBB710AB2E2FD0ED004A6050 /* Frameworks */,
				CBB710AC2E2FD0ED004A6050 /* Resources */,
			);
			buildRules = (
			);
			dependencies = (
				CBB710B02E2FD0ED004A6050 /* PBXTargetDependency */,
			);
			fileSystemSynchronizedGroups = (
				CBB710B12E2FD0ED004A6050 /* AddressUITests */,
			);
			name = AddressUITests;
			packageProductDependencies = (
			);
			productName = AddressUITests;
			productReference = CBB710AE2E2FD0ED004A6050 /* AddressUITests.xctest */;
			productType = "com.apple.product-type.bundle.ui-testing";
		};
/* End PBXNativeTarget section */

/* Begin PBXProject section */
		CBB7108A2E2FD0EA004A6050 /* Project object */ = {
			isa = PBXProject;
			attributes = {
				BuildIndependentTargetsInParallel = 1;
				LastSwiftUpdateCheck = 1640;
				LastUpgradeCheck = 2600;
				TargetAttributes = {
					CBB710912E2FD0EA004A6050 = {
						CreatedOnToolsVersion = 16.4;
					};
					CBB710A32E2FD0ED004A6050 = {
						CreatedOnToolsVersion = 16.4;
						TestTargetID = CBB710912E2FD0EA004A6050;
					};
					CBB710AD2E2FD0ED004A6050 = {
						CreatedOnToolsVersion = 16.4;
						TestTargetID = CBB710912E2FD0EA004A6050;
					};
				};
			};
			buildConfigurationList = CBB7108D2E2FD0EA004A6050 /* Build configuration list for PBXProject "Address" */;
			developmentRegion = en;
			hasScannedForEncodings = 0;
			knownRegions = (
				en,
				Base,
			);
			mainGroup = CBB710892E2FD0EA004A6050;
			minimizedProjectReferenceProxies = 1;
			preferredProjectObjectVersion = 77;
			productRefGroup = CBB710932E2FD0EA004A6050 /* Products */;
			projectDirPath = "";
			projectRoot = "";
			targets = (
				CBB710912E2FD0EA004A6050 /* Address */,
				CBB710A32E2FD0ED004A6050 /* AddressTests */,
				CBB710AD2E2FD0ED004A6050 /* AddressUITests */,
			);
		};
/* End PBXProject section */

/* Begin PBXResourcesBuildPhase section */
		CBB710902E2FD0EA004A6050 /* Resources */ = {
			isa = PBXResourcesBuildPhase;
			buildActionMask = 2147483647;
			files = (
			);
			runOnlyForDeploymentPostprocessing = 0;
		};
		CBB710A22E2FD0ED004A6050 /* Resources */ = {
			isa = PBXResourcesBuildPhase;
			buildActionMask = 2147483647;
			files = (
			);
			runOnlyForDeploymentPostprocessing = 0;
		};
		CBB710AC2E2FD0ED004A6050 /* Resources */ = {
			isa = PBXResourcesBuildPhase;
			buildActionMask = 2147483647;
			files = (
			);
			runOnlyForDeploymentPostprocessing = 0;
		};
/* End PBXResourcesBuildPhase section */

/* Begin PBXSourcesBuildPhase section */
		CBB7108E2E2FD0EA004A6050 /* Sources */ = {
			isa = PBXSourcesBuildPhase;
			buildActionMask = 2147483647;
			files = (
			);
			runOnlyForDeploymentPostprocessing = 0;
		};
		CBB710A02E2FD0ED004A6050 /* Sources */ = {
			isa = PBXSourcesBuildPhase;
			buildActionMask = 2147483647;
			files = (
			);
			runOnlyForDeploymentPostprocessing = 0;
		};
		CBB710AA2E2FD0ED004A6050 /* Sources */ = {
			isa = PBXSourcesBuildPhase;
			buildActionMask = 2147483647;
			files = (
			);
			runOnlyForDeploymentPostprocessing = 0;
		};
/* End PBXSourcesBuildPhase section */

/* Begin PBXTargetDependency section */
		CBB710A62E2FD0ED004A6050 /* PBXTargetDependency */ = {
			isa = PBXTargetDependency;
			target = CBB710912E2FD0EA004A6050 /* Address */;
			targetProxy = CBB710A52E2FD0ED004A6050 /* PBXContainerItemProxy */;
		};
		CBB710B02E2FD0ED004A6050 /* PBXTargetDependency */ = {
			isa = PBXTargetDependency;
			target = CBB710912E2FD0EA004A6050 /* Address */;
			targetProxy = CBB710AF2E2FD0ED004A6050 /* PBXContainerItemProxy */;
		};
/* End PBXTargetDependency section */

/* Begin XCBuildConfiguration section */
		CBB710B62E2FD0ED004A6050 /* Debug */ = {
			isa = XCBuildConfiguration;
			buildSettings = {
				ALWAYS_SEARCH_USER_PATHS = NO;
				ASSETCATALOG_COMPILER_GENERATE_SWIFT_ASSET_SYMBOL_EXTENSIONS = YES;
				CLANG_ANALYZER_NONNULL = YES;
				CLANG_ANALYZER_NUMBER_OBJECT_CONVERSION = YES_AGGRESSIVE;
				CLANG_CXX_LANGUAGE_STANDARD = "gnu++20";
				CLANG_ENABLE_MODULES = YES;
				CLANG_ENABLE_OBJC_ARC = YES;
				CLANG_ENABLE_OBJC_WEAK = YES;
				CLANG_WARN_BLOCK_CAPTURE_AUTORELEASING = YES;
				CLANG_WARN_BOOL_CONVERSION = YES;
				CLANG_WARN_COMMA = YES;
				CLANG_WARN_CONSTANT_CONVERSION = YES;
				CLANG_WARN_DEPRECATED_OBJC_IMPLEMENTATIONS = YES;
				CLANG_WARN_DIRECT_OBJC_ISA_USAGE = YES_ERROR;
				CLANG_WARN_DOCUMENTATION_COMMENTS = YES;
				CLANG_WARN_EMPTY_BODY = YES;
				CLANG_WARN_ENUM_CONVERSION = YES;
				CLANG_WARN_INFINITE_RECURSION = YES;
				CLANG_WARN_INT_CONVERSION = YES;
				CLANG_WARN_NON_LITERAL_NULL_CONVERSION = YES;
				CLANG_WARN_OBJC_IMPLICIT_RETAIN_SELF = YES;
				CLANG_WARN_OBJC_LITERAL_CONVERSION = YES;
				CLANG_WARN_OBJC_ROOT_CLASS = YES_ERROR;
				CLANG_WARN_QUOTED_INCLUDE_IN_FRAMEWORK_HEADER = YES;
				CLANG_WARN_RANGE_LOOP_ANALYSIS = YES;
				CLANG_WARN_STRICT_PROTOTYPES = YES;
				CLANG_WARN_SUSPICIOUS_MOVE = YES;
				CLANG_WARN_UNGUARDED_AVAILABILITY = YES_AGGRESSIVE;
				CLANG_WARN_UNREACHABLE_CODE = YES;
				CLANG_WARN__DUPLICATE_METHOD_MATCH = YES;
				COPY_PHASE_STRIP = NO;
				DEBUG_INFORMATION_FORMAT = dwarf;
				DEVELOPMENT_TEAM = K657XD757B;
				ENABLE_STRICT_OBJC_MSGSEND = YES;
				ENABLE_TESTABILITY = YES;
				ENABLE_USER_SCRIPT_SANDBOXING = YES;
				GCC_C_LANGUAGE_STANDARD = gnu17;
				GCC_DYNAMIC_NO_PIC = NO;
				GCC_NO_COMMON_BLOCKS = YES;
				GCC_OPTIMIZATION_LEVEL = 0;
				GCC_PREPROCESSOR_DEFINITIONS = (
					"DEBUG=1",
					"$(inherited)",
				);
				GCC_WARN_64_TO_32_BIT_CONVERSION = YES;
				GCC_WARN_ABOUT_RETURN_TYPE = YES_ERROR;
				GCC_WARN_UNDECLARED_SELECTOR = YES;
				GCC_WARN_UNINITIALIZED_AUTOS = YES_AGGRESSIVE;
				GCC_WARN_UNUSED_FUNCTION = YES;
				GCC_WARN_UNUSED_VARIABLE = YES;
				IPHONEOS_DEPLOYMENT_TARGET = 18.5;
				LOCALIZATION_PREFERS_STRING_CATALOGS = YES;
				MTL_ENABLE_DEBUG_INFO = INCLUDE_SOURCE;
				MTL_FAST_MATH = YES;
				ONLY_ACTIVE_ARCH = YES;
				SDKROOT = iphoneos;
				STRING_CATALOG_GENERATE_SYMBOLS = YES;
				SWIFT_ACTIVE_COMPILATION_CONDITIONS = "DEBUG $(inherited)";
				SWIFT_OPTIMIZATION_LEVEL = "-Onone";
			};
			name = Debug;
		};
		CBB710B72E2FD0ED004A6050 /* Release */ = {
			isa = XCBuildConfiguration;
			buildSettings = {
				ALWAYS_SEARCH_USER_PATHS = NO;
				ASSETCATALOG_COMPILER_GENERATE_SWIFT_ASSET_SYMBOL_EXTENSIONS = YES;
				CLANG_ANALYZER_NONNULL = YES;
				CLANG_ANALYZER_NUMBER_OBJECT_CONVERSION = YES_AGGRESSIVE;
				CLANG_CXX_LANGUAGE_STANDARD = "gnu++20";
				CLANG_ENABLE_MODULES = YES;
				CLANG_ENABLE_OBJC_ARC = YES;
				CLANG_ENABLE_OBJC_WEAK = YES;
				CLANG_WARN_BLOCK_CAPTURE_AUTORELEASING = YES;
				CLANG_WARN_BOOL_CONVERSION = YES;
				CLANG_WARN_COMMA = YES;
				CLANG_WARN_CONSTANT_CONVERSION = YES;
				CLANG_WARN_DEPRECATED_OBJC_IMPLEMENTATIONS = YES;
				CLANG_WARN_DIRECT_OBJC_ISA_USAGE = YES_ERROR;
				CLANG_WARN_DOCUMENTATION_COMMENTS = YES;
				CLANG_WARN_EMPTY_BODY = YES;
				CLANG_WARN_ENUM_CONVERSION = YES;
				CLANG_WARN_INFINITE_RECURSION = YES;
				CLANG_WARN_INT_CONVERSION = YES;
				CLANG_WARN_NON_LITERAL_NULL_CONVERSION = YES;
				CLANG_WARN_OBJC_IMPLICIT_RETAIN_SELF = YES;
				CLANG_WARN_OBJC_LITERAL_CONVERSION = YES;
				CLANG_WARN_OBJC_ROOT_CLASS = YES_ERROR;
				CLANG_WARN_QUOTED_INCLUDE_IN_FRAMEWORK_HEADER = YES;
				CLANG_WARN_RANGE_LOOP_ANALYSIS = YES;
				CLANG_WARN_STRICT_PROTOTYPES = YES;
				CLANG_WARN_SUSPICIOUS_MOVE = YES;
				CLANG_WARN_UNGUARDED_AVAILABILITY = YES_AGGRESSIVE;
				CLANG_WARN_UNREACHABLE_CODE = YES;
				CLANG_WARN__DUPLICATE_METHOD_MATCH = YES;
				COPY_PHASE_STRIP = NO;
				DEBUG_INFORMATION_FORMAT = "dwarf-with-dsym";
				DEVELOPMENT_TEAM = K657XD757B;
				ENABLE_NS_ASSERTIONS = NO;
				ENABLE_STRICT_OBJC_MSGSEND = YES;
				ENABLE_USER_SCRIPT_SANDBOXING = YES;
				GCC_C_LANGUAGE_STANDARD = gnu17;
				GCC_NO_COMMON_BLOCKS = YES;
				GCC_WARN_64_TO_32_BIT_CONVERSION = YES;
				GCC_WARN_ABOUT_RETURN_TYPE = YES_ERROR;
				GCC_WARN_UNDECLARED_SELECTOR = YES;
				GCC_WARN_UNINITIALIZED_AUTOS = YES_AGGRESSIVE;
				GCC_WARN_UNUSED_FUNCTION = YES;
				GCC_WARN_UNUSED_VARIABLE = YES;
				IPHONEOS_DEPLOYMENT_TARGET = 18.5;
				LOCALIZATION_PREFERS_STRING_CATALOGS = YES;
				MTL_ENABLE_DEBUG_INFO = NO;
				MTL_FAST_MATH = YES;
				SDKROOT = iphoneos;
				STRING_CATALOG_GENERATE_SYMBOLS = YES;
				SWIFT_COMPILATION_MODE = wholemodule;
				VALIDATE_PRODUCT = YES;
			};
			name = Release;
		};
		CBB710B92E2FD0ED004A6050 /* Debug */ = {
			isa = XCBuildConfiguration;
			buildSettings = {
				ASSETCATALOG_COMPILER_APPICON_NAME = AppIcon;
				ASSETCATALOG_COMPILER_GLOBAL_ACCENT_COLOR_NAME = AccentColor;
				CODE_SIGN_STYLE = Automatic;
				CURRENT_PROJECT_VERSION = 1;
				DEVELOPMENT_TEAM = K657XD757B;
				ENABLE_PREVIEWS = YES;
				GENERATE_INFOPLIST_FILE = YES;
				INFOPLIST_FILE = Address/Info.plist;
				INFOPLIST_KEY_CFBundleDisplayName = Direcciones...;
				INFOPLIST_KEY_UIApplicationSceneManifest_Generation = YES;
				INFOPLIST_KEY_UIApplicationSupportsIndirectInputEvents = YES;
				INFOPLIST_KEY_UILaunchScreen_Generation = YES;
				INFOPLIST_KEY_UISupportedInterfaceOrientations_iPad = "UIInterfaceOrientationPortrait UIInterfaceOrientationPortraitUpsideDown UIInterfaceOrientationLandscapeLeft UIInterfaceOrientationLandscapeRight";
				INFOPLIST_KEY_UISupportedInterfaceOrientations_iPhone = "UIInterfaceOrientationPortrait UIInterfaceOrientationLandscapeLeft UIInterfaceOrientationLandscapeRight";
				LD_RUNPATH_SEARCH_PATHS = (
					"$(inherited)",
					"@executable_path/Frameworks",
				);
				MARKETING_VERSION = 1.0;
				PRODUCT_BUNDLE_IDENTIFIER = Hen.Address;
				PRODUCT_NAME = "$(TARGET_NAME)";
				SWIFT_EMIT_LOC_STRINGS = YES;
				SWIFT_VERSION = 5.0;
				TARGETED_DEVICE_FAMILY = "1,2";
			};
			name = Debug;
		};
		CBB710BA2E2FD0ED004A6050 /* Release */ = {
			isa = XCBuildConfiguration;
			buildSettings = {
				ASSETCATALOG_COMPILER_APPICON_NAME = AppIcon;
				ASSETCATALOG_COMPILER_GLOBAL_ACCENT_COLOR_NAME = AccentColor;
				CODE_SIGN_STYLE = Automatic;
				CURRENT_PROJECT_VERSION = 1;
				DEVELOPMENT_TEAM = K657XD757B;
				ENABLE_PREVIEWS = YES;
				GENERATE_INFOPLIST_FILE = YES;
				INFOPLIST_FILE = Address/Info.plist;
				INFOPLIST_KEY_CFBundleDisplayName = Direcciones...;
				INFOPLIST_KEY_UIApplicationSceneManifest_Generation = YES;
				INFOPLIST_KEY_UIApplicationSupportsIndirectInputEvents = YES;
				INFOPLIST_KEY_UILaunchScreen_Generation = YES;
				INFOPLIST_KEY_UISupportedInterfaceOrientations_iPad = "UIInterfaceOrientationPortrait UIInterfaceOrientationPortraitUpsideDown UIInterfaceOrientationLandscapeLeft UIInterfaceOrientationLandscapeRight";
				INFOPLIST_KEY_UISupportedInterfaceOrientations_iPhone = "UIInterfaceOrientationPortrait UIInterfaceOrientationLandscapeLeft UIInterfaceOrientationLandscapeRight";
				LD_RUNPATH_SEARCH_PATHS = (
					"$(inherited)",
					"@executable_path/Frameworks",
				);
				MARKETING_VERSION = 1.0;
				PRODUCT_BUNDLE_IDENTIFIER = Hen.Address;
				PRODUCT_NAME = "$(TARGET_NAME)";
				SWIFT_EMIT_LOC_STRINGS = YES;
				SWIFT_VERSION = 5.0;
				TARGETED_DEVICE_FAMILY = "1,2";
			};
			name = Release;
		};
		CBB710BC2E2FD0ED004A6050 /* Debug */ = {
			isa = XCBuildConfiguration;
			buildSettings = {
				BUNDLE_LOADER = "$(TEST_HOST)";
				CODE_SIGN_STYLE = Automatic;
				CURRENT_PROJECT_VERSION = 1;
				DEVELOPMENT_TEAM = K657XD757B;
				GENERATE_INFOPLIST_FILE = YES;
				IPHONEOS_DEPLOYMENT_TARGET = 18.5;
				MARKETING_VERSION = 1.0;
				PRODUCT_BUNDLE_IDENTIFIER = Hen.AddressTests;
				PRODUCT_NAME = "$(TARGET_NAME)";
				SWIFT_EMIT_LOC_STRINGS = NO;
				SWIFT_VERSION = 5.0;
				TARGETED_DEVICE_FAMILY = "1,2";
				TEST_HOST = "$(BUILT_PRODUCTS_DIR)/Address.app/$(BUNDLE_EXECUTABLE_FOLDER_PATH)/Address";
			};
			name = Debug;
		};
		CBB710BD2E2FD0ED004A6050 /* Release */ = {
			isa = XCBuildConfiguration;
			buildSettings = {
				BUNDLE_LOADER = "$(TEST_HOST)";
				CODE_SIGN_STYLE = Automatic;
				CURRENT_PROJECT_VERSION = 1;
				DEVELOPMENT_TEAM = K657XD757B;
				GENERATE_INFOPLIST_FILE = YES;
				IPHONEOS_DEPLOYMENT_TARGET = 18.5;
				MARKETING_VERSION = 1.0;
				PRODUCT_BUNDLE_IDENTIFIER = Hen.AddressTests;
				PRODUCT_NAME = "$(TARGET_NAME)";
				SWIFT_EMIT_LOC_STRINGS = NO;
				SWIFT_VERSION = 5.0;
				TARGETED_DEVICE_FAMILY = "1,2";
				TEST_HOST = "$(BUILT_PRODUCTS_DIR)/Address.app/$(BUNDLE_EXECUTABLE_FOLDER_PATH)/Address";
			};
			name = Release;
		};
		CBB710BF2E2FD0ED004A6050 /* Debug */ = {
			isa = XCBuildConfiguration;
			buildSettings = {
				CODE_SIGN_STYLE = Automatic;
				CURRENT_PROJECT_VERSION = 1;
				DEVELOPMENT_TEAM = K657XD757B;
				GENERATE_INFOPLIST_FILE = YES;
				MARKETING_VERSION = 1.0;
				PRODUCT_BUNDLE_IDENTIFIER = Hen.AddressUITests;
				PRODUCT_NAME = "$(TARGET_NAME)";
				SWIFT_EMIT_LOC_STRINGS = NO;
				SWIFT_VERSION = 5.0;
				TARGETED_DEVICE_FAMILY = "1,2";
				TEST_TARGET_NAME = Address;
			};
			name = Debug;
		};
		CBB710C02E2FD0ED004A6050 /* Release */ = {
			isa = XCBuildConfiguration;
			buildSettings = {
				CODE_SIGN_STYLE = Automatic;
				CURRENT_PROJECT_VERSION = 1;
				DEVELOPMENT_TEAM = K657XD757B;
				GENERATE_INFOPLIST_FILE = YES;
				MARKETING_VERSION = 1.0;
				PRODUCT_BUNDLE_IDENTIFIER = Hen.AddressUITests;
				PRODUCT_NAME = "$(TARGET_NAME)";
				SWIFT_EMIT_LOC_STRINGS = NO;
				SWIFT_VERSION = 5.0;
				TARGETED_DEVICE_FAMILY = "1,2";
				TEST_TARGET_NAME = Address;
			};
			name = Release;
		};
/* End XCBuildConfiguration section */

/* Begin XCConfigurationList section */
		CBB7108D2E2FD0EA004A6050 /* Build configuration list for PBXProject "Address" */ = {
			isa = XCConfigurationList;
			buildConfigurations = (
				CBB710B62E2FD0ED004A6050 /* Debug */,
				CBB710B72E2FD0ED004A6050 /* Release */,
			);
			defaultConfigurationIsVisible = 0;
			defaultConfigurationName = Release;
		};
		CBB710B82E2FD0ED004A6050 /* Build configuration list for PBXNativeTarget "Address" */ = {
			isa = XCConfigurationList;
			buildConfigurations = (
				CBB710B92E2FD0ED004A6050 /* Debug */,
				CBB710BA2E2FD0ED004A6050 /* Release */,
			);
			defaultConfigurationIsVisible = 0;
			defaultConfigurationName = Release;
		};
		CBB710BB2E2FD0ED004A6050 /* Build configuration list for PBXNativeTarget "AddressTests" */ = {
			isa = XCConfigurationList;
			buildConfigurations = (
				CBB710BC2E2FD0ED004A6050 /* Debug */,
				CBB710BD2E2FD0ED004A6050 /* Release */,
			);
			defaultConfigurationIsVisible = 0;
			defaultConfigurationName = Release;
		};
		CBB710BE2E2FD0ED004A6050 /* Build configuration list for PBXNativeTarget "AddressUITests" */ = {
			isa = XCConfigurationList;
			buildConfigurations = (
				CBB710BF2E2FD0ED004A6050 /* Debug */,
				CBB710C02E2FD0ED004A6050 /* Release */,
			);
			defaultConfigurationIsVisible = 0;
			defaultConfigurationName = Release;
		};
/* End XCConfigurationList section */
	};
	rootObject = CBB7108A2E2FD0EA004A6050 /* Project object */;
}
